
Microsoft Visual Studio Solution File, Format Version 12.00
# Visual Studio Version 16
VisualStudioVersion = 16.0.31829.152
MinimumVisualStudioVersion = 10.0.40219.1
Project("{9A19103F-16F7-4668-BE54-9A1E7A4F7556}") = "OpenSleighDemoApp1", "OpenSleighDemoApp1\OpenSleighDemoApp1.csproj", "{451F23DC-A38E-4633-88FC-CA875FB3C29C}"
EndProject
Global
	GlobalSection(SolutionConfigurationPlatforms) = preSolution
		Debug|Any CPU = Debug|Any CPU
		Release|Any CPU = Release|Any CPU
	EndGlobalSection
	GlobalSection(ProjectConfigurationPlatforms) = postSolution
		{451F23DC-A38E-4633-88FC-CA875FB3C29C}.Debug|Any CPU.ActiveCfg = Debug|Any CPU
		{451F23DC-A38E-4633-88FC-CA875FB3C29C}.Debug|Any CPU.Build.0 = Debug|Any CPU
		{451F23DC-A38E-4633-88FC-CA875FB3C29C}.Release|Any CPU.ActiveCfg = Release|Any CPU
		{451F23DC-A38E-4633-88FC-CA875FB3C29C}.Release|Any CPU.Build.0 = Release|Any CPU
	EndGlobalSection
	GlobalSection(SolutionProperties) = preSolution
		HideSolutionNode = FALSE
	EndGlobalSection
	GlobalSection(ExtensibilityGlobals) = postSolution
		SolutionGuid = {E36A0F5E-B1E8-41E9-A7D0-86DAE4A7796B}
	EndGlobalSection
EndGlobal
